// !$*UTF8*$!
{
	archiveVersion = 1;
	classes = {
	};
	objectVersion = 50;
	objects = {

/* Begin PBXBuildFile section */
		1412914A269C83B2006D259D /* Modifiers.swift in Sources */ = {isa = PBXBuildFile; fileRef = 14129149269C83B2006D259D /* Modifiers.swift */; };
		14129163269C860C006D259D /* WorkSans-VariableFont_wght.ttf in Resources */ = {isa = PBXBuildFile; fileRef = 1412914C269C860C006D259D /* WorkSans-VariableFont_wght.ttf */; };
		14129164269C860C006D259D /* WorkSans-Regular.ttf in Resources */ = {isa = PBXBuildFile; fileRef = 1412914E269C860C006D259D /* WorkSans-Regular.ttf */; };
		14129165269C860C006D259D /* WorkSans-Light.ttf in Resources */ = {isa = PBXBuildFile; fileRef = 1412914F269C860C006D259D /* WorkSans-Light.ttf */; };
		14129166269C860C006D259D /* WorkSans-ExtraBold.ttf in Resources */ = {isa = PBXBuildFile; fileRef = 14129150269C860C006D259D /* WorkSans-ExtraBold.ttf */; };
		14129167269C860C006D259D /* WorkSans-SemiBoldItalic.ttf in Resources */ = {isa = PBXBuildFile; fileRef = 14129151269C860C006D259D /* WorkSans-SemiBoldItalic.ttf */; };
		14129168269C860C006D259D /* WorkSans-MediumItalic.ttf in Resources */ = {isa = PBXBuildFile; fileRef = 14129152269C860C006D259D /* WorkSans-MediumItalic.ttf */; };
		14129169269C860C006D259D /* WorkSans-BoldItalic.ttf in Resources */ = {isa = PBXBuildFile; fileRef = 14129153269C860C006D259D /* WorkSans-BoldItalic.ttf */; };
		1412916A269C860C006D259D /* WorkSans-ExtraLight.ttf in Resources */ = {isa = PBXBuildFile; fileRef = 14129154269C860C006D259D /* WorkSans-ExtraLight.ttf */; };
		1412916B269C860C006D259D /* WorkSans-ThinItalic.ttf in Resources */ = {isa = PBXBuildFile; fileRef = 14129155269C860C006D259D /* WorkSans-ThinItalic.ttf */; };
		1412916C269C860C006D259D /* WorkSans-ExtraLightItalic.ttf in Resources */ = {isa = PBXBuildFile; fileRef = 14129156269C860C006D259D /* WorkSans-ExtraLightItalic.ttf */; };
		1412916D269C860C006D259D /* WorkSans-Medium.ttf in Resources */ = {isa = PBXBuildFile; fileRef = 14129157269C860C006D259D /* WorkSans-Medium.ttf */; };
		1412916E269C860C006D259D /* WorkSans-SemiBold.ttf in Resources */ = {isa = PBXBuildFile; fileRef = 14129158269C860C006D259D /* WorkSans-SemiBold.ttf */; };
		1412916F269C860C006D259D /* WorkSans-Italic.ttf in Resources */ = {isa = PBXBuildFile; fileRef = 14129159269C860C006D259D /* WorkSans-Italic.ttf */; };
		14129170269C860C006D259D /* WorkSans-BlackItalic.ttf in Resources */ = {isa = PBXBuildFile; fileRef = 1412915A269C860C006D259D /* WorkSans-BlackItalic.ttf */; };
		14129171269C860C006D259D /* WorkSans-Thin.ttf in Resources */ = {isa = PBXBuildFile; fileRef = 1412915B269C860C006D259D /* WorkSans-Thin.ttf */; };
		14129172269C860C006D259D /* WorkSans-Black.ttf in Resources */ = {isa = PBXBuildFile; fileRef = 1412915C269C860C006D259D /* WorkSans-Black.ttf */; };
		14129173269C860C006D259D /* WorkSans-LightItalic.ttf in Resources */ = {isa = PBXBuildFile; fileRef = 1412915D269C860C006D259D /* WorkSans-LightItalic.ttf */; };
		14129174269C860C006D259D /* WorkSans-ExtraBoldItalic.ttf in Resources */ = {isa = PBXBuildFile; fileRef = 1412915E269C860C006D259D /* WorkSans-ExtraBoldItalic.ttf */; };
		14129175269C860C006D259D /* WorkSans-Bold.ttf in Resources */ = {isa = PBXBuildFile; fileRef = 1412915F269C860C006D259D /* WorkSans-Bold.ttf */; };
		14129176269C860C006D259D /* WorkSans-Italic-VariableFont_wght.ttf in Resources */ = {isa = PBXBuildFile; fileRef = 14129160269C860C006D259D /* WorkSans-Italic-VariableFont_wght.ttf */; };
		14129177269C860C006D259D /* OFL.txt in Resources */ = {isa = PBXBuildFile; fileRef = 14129161269C860C006D259D /* OFL.txt */; };
		14129178269C860C006D259D /* README.txt in Resources */ = {isa = PBXBuildFile; fileRef = 14129162269C860C006D259D /* README.txt */; };
		14338DD7269435690065FDC6 /* HomeView.swift in Sources */ = {isa = PBXBuildFile; fileRef = 14338DD6269435690065FDC6 /* HomeView.swift */; };
		144D6F7E269D9CF800CD7372 /* CourseList.swift in Sources */ = {isa = PBXBuildFile; fileRef = 144D6F7D269D9CF800CD7372 /* CourseList.swift */; };
		14506B9526994FD400D802C4 /* UpdateStore.swift in Sources */ = {isa = PBXBuildFile; fileRef = 14506B9426994FD400D802C4 /* UpdateStore.swift */; };
		14506B9726995CCA00D802C4 /* TabBar.swift in Sources */ = {isa = PBXBuildFile; fileRef = 14506B9626995CCA00D802C4 /* TabBar.swift */; };
		14506B9A2699668C00D802C4 /* RingView.swift in Sources */ = {isa = PBXBuildFile; fileRef = 14506B992699668C00D802C4 /* RingView.swift */; };
		147520C926A316FD004F8B17 /* CourseDetail.swift in Sources */ = {isa = PBXBuildFile; fileRef = 147520C826A316FD004F8B17 /* CourseDetail.swift */; };
		147520CB26A31E87004F8B17 /* Data.swift in Sources */ = {isa = PBXBuildFile; fileRef = 147520CA26A31E87004F8B17 /* Data.swift */; };
		147520CD26A320E6004F8B17 /* PostList.swift in Sources */ = {isa = PBXBuildFile; fileRef = 147520CC26A320E6004F8B17 /* PostList.swift */; };
		14A698A2269854D00070FD07 /* UpdateList.swift in Sources */ = {isa = PBXBuildFile; fileRef = 14A698A1269854D00070FD07 /* UpdateList.swift */; };
		14A698A5269860FE0070FD07 /* UpdateDetail.swift in Sources */ = {isa = PBXBuildFile; fileRef = 14A698A4269860FE0070FD07 /* UpdateDetail.swift */; };
		14A9A3ED26A33BBE0093095A /* DataStore.swift in Sources */ = {isa = PBXBuildFile; fileRef = 14A9A3EC26A33BBE0093095A /* DataStore.swift */; };
		14AF1F202691C78600A13FBE /* MenuView.swift in Sources */ = {isa = PBXBuildFile; fileRef = 14AF1F1F2691C78600A13FBE /* MenuView.swift */; };
		14AF1F222691D00B00A13FBE /* Home.swift in Sources */ = {isa = PBXBuildFile; fileRef = 14AF1F212691D00B00A13FBE /* Home.swift */; };
		14FE1F1B2690A0F400E72BE1 /* AppDelegate.swift in Sources */ = {isa = PBXBuildFile; fileRef = 14FE1F1A2690A0F400E72BE1 /* AppDelegate.swift */; };
		14FE1F1D2690A0F400E72BE1 /* SceneDelegate.swift in Sources */ = {isa = PBXBuildFile; fileRef = 14FE1F1C2690A0F400E72BE1 /* SceneDelegate.swift */; };
		14FE1F1F2690A0F400E72BE1 /* ContentView.swift in Sources */ = {isa = PBXBuildFile; fileRef = 14FE1F1E2690A0F400E72BE1 /* ContentView.swift */; };
		14FE1F212690A0F500E72BE1 /* Assets.xcassets in Resources */ = {isa = PBXBuildFile; fileRef = 14FE1F202690A0F500E72BE1 /* Assets.xcassets */; };
		14FE1F242690A0F500E72BE1 /* Preview Assets.xcassets in Resources */ = {isa = PBXBuildFile; fileRef = 14FE1F232690A0F500E72BE1 /* Preview Assets.xcassets */; };
		14FE1F272690A0F500E72BE1 /* LaunchScreen.storyboard in Resources */ = {isa = PBXBuildFile; fileRef = 14FE1F252690A0F500E72BE1 /* LaunchScreen.storyboard */; };
/* End PBXBuildFile section */

/* Begin PBXFileReference section */
		14129149269C83B2006D259D /* Modifiers.swift */ = {isa = PBXFileReference; lastKnownFileType = sourcecode.swift; path = Modifiers.swift; sourceTree = "<group>"; };
		1412914C269C860C006D259D /* WorkSans-VariableFont_wght.ttf */ = {isa = PBXFileReference; lastKnownFileType = file; path = "WorkSans-VariableFont_wght.ttf"; sourceTree = "<group>"; };
		1412914E269C860C006D259D /* WorkSans-Regular.ttf */ = {isa = PBXFileReference; lastKnownFileType = file; path = "WorkSans-Regular.ttf"; sourceTree = "<group>"; };
		1412914F269C860C006D259D /* WorkSans-Light.ttf */ = {isa = PBXFileReference; lastKnownFileType = file; path = "WorkSans-Light.ttf"; sourceTree = "<group>"; };
		14129150269C860C006D259D /* WorkSans-ExtraBold.ttf */ = {isa = PBXFileReference; lastKnownFileType = file; path = "WorkSans-ExtraBold.ttf"; sourceTree = "<group>"; };
		14129151269C860C006D259D /* WorkSans-SemiBoldItalic.ttf */ = {isa = PBXFileReference; lastKnownFileType = file; path = "WorkSans-SemiBoldItalic.ttf"; sourceTree = "<group>"; };
		14129152269C860C006D259D /* WorkSans-MediumItalic.ttf */ = {isa = PBXFileReference; lastKnownFileType = file; path = "WorkSans-MediumItalic.ttf"; sourceTree = "<group>"; };
		14129153269C860C006D259D /* WorkSans-BoldItalic.ttf */ = {isa = PBXFileReference; lastKnownFileType = file; path = "WorkSans-BoldItalic.ttf"; sourceTree = "<group>"; };
		14129154269C860C006D259D /* WorkSans-ExtraLight.ttf */ = {isa = PBXFileReference; lastKnownFileType = file; path = "WorkSans-ExtraLight.ttf"; sourceTree = "<group>"; };
		14129155269C860C006D259D /* WorkSans-ThinItalic.ttf */ = {isa = PBXFileReference; lastKnownFileType = file; path = "WorkSans-ThinItalic.ttf"; sourceTree = "<group>"; };
		14129156269C860C006D259D /* WorkSans-ExtraLightItalic.ttf */ = {isa = PBXFileReference; lastKnownFileType = file; path = "WorkSans-ExtraLightItalic.ttf"; sourceTree = "<group>"; };
		14129157269C860C006D259D /* WorkSans-Medium.ttf */ = {isa = PBXFileReference; lastKnownFileType = file; path = "WorkSans-Medium.ttf"; sourceTree = "<group>"; };
		14129158269C860C006D259D /* WorkSans-SemiBold.ttf */ = {isa = PBXFileReference; lastKnownFileType = file; path = "WorkSans-SemiBold.ttf"; sourceTree = "<group>"; };
		14129159269C860C006D259D /* WorkSans-Italic.ttf */ = {isa = PBXFileReference; lastKnownFileType = file; path = "WorkSans-Italic.ttf"; sourceTree = "<group>"; };
		1412915A269C860C006D259D /* WorkSans-BlackItalic.ttf */ = {isa = PBXFileReference; lastKnownFileType = file; path = "WorkSans-BlackItalic.ttf"; sourceTree = "<group>"; };
		1412915B269C860C006D259D /* WorkSans-Thin.ttf */ = {isa = PBXFileReference; lastKnownFileType = file; path = "WorkSans-Thin.ttf"; sourceTree = "<group>"; };
		1412915C269C860C006D259D /* WorkSans-Black.ttf */ = {isa = PBXFileReference; lastKnownFileType = file; path = "WorkSans-Black.ttf"; sourceTree = "<group>"; };
		1412915D269C860C006D259D /* WorkSans-LightItalic.ttf */ = {isa = PBXFileReference; lastKnownFileType = file; path = "WorkSans-LightItalic.ttf"; sourceTree = "<group>"; };
		1412915E269C860C006D259D /* WorkSans-ExtraBoldItalic.ttf */ = {isa = PBXFileReference; lastKnownFileType = file; path = "WorkSans-ExtraBoldItalic.ttf"; sourceTree = "<group>"; };
		1412915F269C860C006D259D /* WorkSans-Bold.ttf */ = {isa = PBXFileReference; lastKnownFileType = file; path = "WorkSans-Bold.ttf"; sourceTree = "<group>"; };
		14129160269C860C006D259D /* WorkSans-Italic-VariableFont_wght.ttf */ = {isa = PBXFileReference; lastKnownFileType = file; path = "WorkSans-Italic-VariableFont_wght.ttf"; sourceTree = "<group>"; };
		14129161269C860C006D259D /* OFL.txt */ = {isa = PBXFileReference; fileEncoding = 4; lastKnownFileType = text; path = OFL.txt; sourceTree = "<group>"; };
		14129162269C860C006D259D /* README.txt */ = {isa = PBXFileReference; fileEncoding = 4; lastKnownFileType = text; path = README.txt; sourceTree = "<group>"; };
		14338DD6269435690065FDC6 /* HomeView.swift */ = {isa = PBXFileReference; lastKnownFileType = sourcecode.swift; path = HomeView.swift; sourceTree = "<group>"; };
		144D6F7D269D9CF800CD7372 /* CourseList.swift */ = {isa = PBXFileReference; lastKnownFileType = sourcecode.swift; path = CourseList.swift; sourceTree = "<group>"; };
		14506B9426994FD400D802C4 /* UpdateStore.swift */ = {isa = PBXFileReference; lastKnownFileType = sourcecode.swift; path = UpdateStore.swift; sourceTree = "<group>"; };
		14506B9626995CCA00D802C4 /* TabBar.swift */ = {isa = PBXFileReference; lastKnownFileType = sourcecode.swift; path = TabBar.swift; sourceTree = "<group>"; };
		14506B992699668C00D802C4 /* RingView.swift */ = {isa = PBXFileReference; lastKnownFileType = sourcecode.swift; path = RingView.swift; sourceTree = "<group>"; };
		147520C826A316FD004F8B17 /* CourseDetail.swift */ = {isa = PBXFileReference; lastKnownFileType = sourcecode.swift; path = CourseDetail.swift; sourceTree = "<group>"; };
		147520CA26A31E87004F8B17 /* Data.swift */ = {isa = PBXFileReference; lastKnownFileType = sourcecode.swift; path = Data.swift; sourceTree = "<group>"; };
		147520CC26A320E6004F8B17 /* PostList.swift */ = {isa = PBXFileReference; lastKnownFileType = sourcecode.swift; path = PostList.swift; sourceTree = "<group>"; };
		14A698A1269854D00070FD07 /* UpdateList.swift */ = {isa = PBXFileReference; lastKnownFileType = sourcecode.swift; path = UpdateList.swift; sourceTree = "<group>"; };
		14A698A4269860FE0070FD07 /* UpdateDetail.swift */ = {isa = PBXFileReference; lastKnownFileType = sourcecode.swift; path = UpdateDetail.swift; sourceTree = "<group>"; };
		14A9A3EC26A33BBE0093095A /* DataStore.swift */ = {isa = PBXFileReference; lastKnownFileType = sourcecode.swift; path = DataStore.swift; sourceTree = "<group>"; };
		14AF1F1F2691C78600A13FBE /* MenuView.swift */ = {isa = PBXFileReference; lastKnownFileType = sourcecode.swift; path = MenuView.swift; sourceTree = "<group>"; };
		14AF1F212691D00B00A13FBE /* Home.swift */ = {isa = PBXFileReference; lastKnownFileType = sourcecode.swift; path = Home.swift; sourceTree = "<group>"; };
		14FE1F172690A0F400E72BE1 /* SWIFTUI_Practice.app */ = {isa = PBXFileReference; explicitFileType = wrapper.application; includeInIndex = 0; path = SWIFTUI_Practice.app; sourceTree = BUILT_PRODUCTS_DIR; };
		14FE1F1A2690A0F400E72BE1 /* AppDelegate.swift */ = {isa = PBXFileReference; lastKnownFileType = sourcecode.swift; path = AppDelegate.swift; sourceTree = "<group>"; };
		14FE1F1C2690A0F400E72BE1 /* SceneDelegate.swift */ = {isa = PBXFileReference; lastKnownFileType = sourcecode.swift; path = SceneDelegate.swift; sourceTree = "<group>"; };
		14FE1F1E2690A0F400E72BE1 /* ContentView.swift */ = {isa = PBXFileReference; lastKnownFileType = sourcecode.swift; path = ContentView.swift; sourceTree = "<group>"; };
		14FE1F202690A0F500E72BE1 /* Assets.xcassets */ = {isa = PBXFileReference; lastKnownFileType = folder.assetcatalog; path = Assets.xcassets; sourceTree = "<group>"; };
		14FE1F232690A0F500E72BE1 /* Preview Assets.xcassets */ = {isa = PBXFileReference; lastKnownFileType = folder.assetcatalog; path = "Preview Assets.xcassets"; sourceTree = "<group>"; };
		14FE1F262690A0F500E72BE1 /* Base */ = {isa = PBXFileReference; lastKnownFileType = file.storyboard; name = Base; path = Base.lproj/LaunchScreen.storyboard; sourceTree = "<group>"; };
		14FE1F282690A0F500E72BE1 /* Info.plist */ = {isa = PBXFileReference; lastKnownFileType = text.plist.xml; path = Info.plist; sourceTree = "<group>"; };
/* End PBXFileReference section */

/* Begin PBXFrameworksBuildPhase section */
		14FE1F142690A0F400E72BE1 /* Frameworks */ = {
			isa = PBXFrameworksBuildPhase;
			buildActionMask = 2147483647;
			files = (
			);
			runOnlyForDeploymentPostprocessing = 0;
		};
/* End PBXFrameworksBuildPhase section */

/* Begin PBXGroup section */
		1412914B269C860C006D259D /* Work_Sans */ = {
			isa = PBXGroup;
			children = (
				1412914C269C860C006D259D /* WorkSans-VariableFont_wght.ttf */,
				1412914D269C860C006D259D /* static */,
				14129160269C860C006D259D /* WorkSans-Italic-VariableFont_wght.ttf */,
				14129161269C860C006D259D /* OFL.txt */,
				14129162269C860C006D259D /* README.txt */,
			);
			path = Work_Sans;
			sourceTree = "<group>";
		};
		1412914D269C860C006D259D /* static */ = {
			isa = PBXGroup;
			children = (
				1412914E269C860C006D259D /* WorkSans-Regular.ttf */,
				1412914F269C860C006D259D /* WorkSans-Light.ttf */,
				14129150269C860C006D259D /* WorkSans-ExtraBold.ttf */,
				14129151269C860C006D259D /* WorkSans-SemiBoldItalic.ttf */,
				14129152269C860C006D259D /* WorkSans-MediumItalic.ttf */,
				14129153269C860C006D259D /* WorkSans-BoldItalic.ttf */,
				14129154269C860C006D259D /* WorkSans-ExtraLight.ttf */,
				14129155269C860C006D259D /* WorkSans-ThinItalic.ttf */,
				14129156269C860C006D259D /* WorkSans-ExtraLightItalic.ttf */,
				14129157269C860C006D259D /* WorkSans-Medium.ttf */,
				14129158269C860C006D259D /* WorkSans-SemiBold.ttf */,
				14129159269C860C006D259D /* WorkSans-Italic.ttf */,
				1412915A269C860C006D259D /* WorkSans-BlackItalic.ttf */,
				1412915B269C860C006D259D /* WorkSans-Thin.ttf */,
				1412915C269C860C006D259D /* WorkSans-Black.ttf */,
				1412915D269C860C006D259D /* WorkSans-LightItalic.ttf */,
				1412915E269C860C006D259D /* WorkSans-ExtraBoldItalic.ttf */,
				1412915F269C860C006D259D /* WorkSans-Bold.ttf */,
			);
			path = static;
			sourceTree = "<group>";
		};
		14FE1F0E2690A0F400E72BE1 = {
			isa = PBXGroup;
			children = (
				14FE1F192690A0F400E72BE1 /* SWIFTUI_Practice */,
				14FE1F182690A0F400E72BE1 /* Products */,
			);
			sourceTree = "<group>";
		};
		14FE1F182690A0F400E72BE1 /* Products */ = {
			isa = PBXGroup;
			children = (
				14FE1F172690A0F400E72BE1 /* SWIFTUI_Practice.app */,
			);
			name = Products;
			sourceTree = "<group>";
		};
		14FE1F192690A0F400E72BE1 /* SWIFTUI_Practice */ = {
			isa = PBXGroup;
			children = (
				14FE1F1A2690A0F400E72BE1 /* AppDelegate.swift */,
				14FE1F1C2690A0F400E72BE1 /* SceneDelegate.swift */,
				14FE1F1E2690A0F400E72BE1 /* ContentView.swift */,
				14AF1F212691D00B00A13FBE /* Home.swift */,
				14338DD6269435690065FDC6 /* HomeView.swift */,
				14AF1F1F2691C78600A13FBE /* MenuView.swift */,
				14FE1F202690A0F500E72BE1 /* Assets.xcassets */,
				1412914B269C860C006D259D /* Work_Sans */,
				14FE1F252690A0F500E72BE1 /* LaunchScreen.storyboard */,
				14FE1F282690A0F500E72BE1 /* Info.plist */,
				14FE1F222690A0F500E72BE1 /* Preview Content */,
				14A698A1269854D00070FD07 /* UpdateList.swift */,
				14A698A4269860FE0070FD07 /* UpdateDetail.swift */,
				14506B9426994FD400D802C4 /* UpdateStore.swift */,
				14506B9626995CCA00D802C4 /* TabBar.swift */,
				14506B992699668C00D802C4 /* RingView.swift */,
				14129149269C83B2006D259D /* Modifiers.swift */,
				144D6F7D269D9CF800CD7372 /* CourseList.swift */,
				147520C826A316FD004F8B17 /* CourseDetail.swift */,
				147520CA26A31E87004F8B17 /* Data.swift */,
				147520CC26A320E6004F8B17 /* PostList.swift */,
				14A9A3EC26A33BBE0093095A /* DataStore.swift */,
			);
			path = SWIFTUI_Practice;
			sourceTree = "<group>";
		};
		14FE1F222690A0F500E72BE1 /* Preview Content */ = {
			isa = PBXGroup;
			children = (
				14FE1F232690A0F500E72BE1 /* Preview Assets.xcassets */,
			);
			path = "Preview Content";
			sourceTree = "<group>";
		};
/* End PBXGroup section */

/* Begin PBXNativeTarget section */
		14FE1F162690A0F400E72BE1 /* SWIFTUI_Practice */ = {
			isa = PBXNativeTarget;
			buildConfigurationList = 14FE1F2B2690A0F500E72BE1 /* Build configuration list for PBXNativeTarget "SWIFTUI_Practice" */;
			buildPhases = (
				14FE1F132690A0F400E72BE1 /* Sources */,
				14FE1F142690A0F400E72BE1 /* Frameworks */,
				14FE1F152690A0F400E72BE1 /* Resources */,
			);
			buildRules = (
			);
			dependencies = (
			);
			name = SWIFTUI_Practice;
			productName = SWIFTUI_Practice;
			productReference = 14FE1F172690A0F400E72BE1 /* SWIFTUI_Practice.app */;
			productType = "com.apple.product-type.application";
		};
/* End PBXNativeTarget section */

/* Begin PBXProject section */
		14FE1F0F2690A0F400E72BE1 /* Project object */ = {
			isa = PBXProject;
			attributes = {
				LastSwiftUpdateCheck = 1250;
				LastUpgradeCheck = 1250;
				TargetAttributes = {
					14FE1F162690A0F400E72BE1 = {
						CreatedOnToolsVersion = 12.5;
					};
				};
			};
			buildConfigurationList = 14FE1F122690A0F400E72BE1 /* Build configuration list for PBXProject "SWIFTUI_Practice" */;
			compatibilityVersion = "Xcode 9.3";
			developmentRegion = en;
			hasScannedForEncodings = 0;
			knownRegions = (
				en,
				Base,
			);
			mainGroup = 14FE1F0E2690A0F400E72BE1;
			productRefGroup = 14FE1F182690A0F400E72BE1 /* Products */;
			projectDirPath = "";
			projectRoot = "";
			targets = (
				14FE1F162690A0F400E72BE1 /* SWIFTUI_Practice */,
			);
		};
/* End PBXProject section */

/* Begin PBXResourcesBuildPhase section */
		14FE1F152690A0F400E72BE1 /* Resources */ = {
			isa = PBXResourcesBuildPhase;
			buildActionMask = 2147483647;
			files = (
				1412916E269C860C006D259D /* WorkSans-SemiBold.ttf in Resources */,
				14FE1F272690A0F500E72BE1 /* LaunchScreen.storyboard in Resources */,
				14129172269C860C006D259D /* WorkSans-Black.ttf in Resources */,
				14129168269C860C006D259D /* WorkSans-MediumItalic.ttf in Resources */,
				14129171269C860C006D259D /* WorkSans-Thin.ttf in Resources */,
				14129167269C860C006D259D /* WorkSans-SemiBoldItalic.ttf in Resources */,
				14129177269C860C006D259D /* OFL.txt in Resources */,
				14129169269C860C006D259D /* WorkSans-BoldItalic.ttf in Resources */,
				14129175269C860C006D259D /* WorkSans-Bold.ttf in Resources */,
				14129165269C860C006D259D /* WorkSans-Light.ttf in Resources */,
				14129170269C860C006D259D /* WorkSans-BlackItalic.ttf in Resources */,
				14129174269C860C006D259D /* WorkSans-ExtraBoldItalic.ttf in Resources */,
				1412916D269C860C006D259D /* WorkSans-Medium.ttf in Resources */,
				1412916B269C860C006D259D /* WorkSans-ThinItalic.ttf in Resources */,
				14129178269C860C006D259D /* README.txt in Resources */,
				1412916A269C860C006D259D /* WorkSans-ExtraLight.ttf in Resources */,
				14129166269C860C006D259D /* WorkSans-ExtraBold.ttf in Resources */,
				1412916F269C860C006D259D /* WorkSans-Italic.ttf in Resources */,
				14129176269C860C006D259D /* WorkSans-Italic-VariableFont_wght.ttf in Resources */,
				14129163269C860C006D259D /* WorkSans-VariableFont_wght.ttf in Resources */,
				1412916C269C860C006D259D /* WorkSans-ExtraLightItalic.ttf in Resources */,
				14FE1F242690A0F500E72BE1 /* Preview Assets.xcassets in Resources */,
				14FE1F212690A0F500E72BE1 /* Assets.xcassets in Resources */,
				14129164269C860C006D259D /* WorkSans-Regular.ttf in Resources */,
				14129173269C860C006D259D /* WorkSans-LightItalic.ttf in Resources */,
			);
			runOnlyForDeploymentPostprocessing = 0;
		};
/* End PBXResourcesBuildPhase section */

/* Begin PBXSourcesBuildPhase section */
		14FE1F132690A0F400E72BE1 /* Sources */ = {
			isa = PBXSourcesBuildPhase;
			buildActionMask = 2147483647;
			files = (
				14FE1F1B2690A0F400E72BE1 /* AppDelegate.swift in Sources */,
				147520CB26A31E87004F8B17 /* Data.swift in Sources */,
				14A9A3ED26A33BBE0093095A /* DataStore.swift in Sources */,
				14506B9526994FD400D802C4 /* UpdateStore.swift in Sources */,
				14A698A2269854D00070FD07 /* UpdateList.swift in Sources */,
				14AF1F202691C78600A13FBE /* MenuView.swift in Sources */,
				1412914A269C83B2006D259D /* Modifiers.swift in Sources */,
				14A698A5269860FE0070FD07 /* UpdateDetail.swift in Sources */,
				14506B9A2699668C00D802C4 /* RingView.swift in Sources */,
				14AF1F222691D00B00A13FBE /* Home.swift in Sources */,
				14338DD7269435690065FDC6 /* HomeView.swift in Sources */,
				14FE1F1D2690A0F400E72BE1 /* SceneDelegate.swift in Sources */,
				147520CD26A320E6004F8B17 /* PostList.swift in Sources */,
				14FE1F1F2690A0F400E72BE1 /* ContentView.swift in Sources */,
				147520C926A316FD004F8B17 /* CourseDetail.swift in Sources */,
				14506B9726995CCA00D802C4 /* TabBar.swift in Sources */,
				144D6F7E269D9CF800CD7372 /* CourseList.swift in Sources */,
			);
			runOnlyForDeploymentPostprocessing = 0;
		};
/* End PBXSourcesBuildPhase section */

/* Begin PBXVariantGroup section */
		14FE1F252690A0F500E72BE1 /* LaunchScreen.storyboard */ = {
			isa = PBXVariantGroup;
			children = (
				14FE1F262690A0F500E72BE1 /* Base */,
			);
			name = LaunchScreen.storyboard;
			sourceTree = "<group>";
		};
/* End PBXVariantGroup section */

/* Begin XCBuildConfiguration section */
		14FE1F292690A0F500E72BE1 /* Debug */ = {
			isa = XCBuildConfiguration;
			buildSettings = {
				ALWAYS_SEARCH_USER_PATHS = NO;
				CLANG_ANALYZER_NONNULL = YES;
				CLANG_ANALYZER_NUMBER_OBJECT_CONVERSION = YES_AGGRESSIVE;
				CLANG_CXX_LANGUAGE_STANDARD = "gnu++14";
				CLANG_CXX_LIBRARY = "libc++";
				CLANG_ENABLE_MODULES = YES;
				CLANG_ENABLE_OBJC_ARC = YES;
				CLANG_ENABLE_OBJC_WEAK = YES;
				CLANG_WARN_BLOCK_CAPTURE_AUTORELEASING = YES;
				CLANG_WARN_BOOL_CONVERSION = YES;
				CLANG_WARN_COMMA = YES;
				CLANG_WARN_CONSTANT_CONVERSION = YES;
				CLANG_WARN_DEPRECATED_OBJC_IMPLEMENTATIONS = YES;
				CLANG_WARN_DIRECT_OBJC_ISA_USAGE = YES_ERROR;
				CLANG_WARN_DOCUMENTATION_COMMENTS = YES;
				CLANG_WARN_EMPTY_BODY = YES;
				CLANG_WARN_ENUM_CONVERSION = YES;
				CLANG_WARN_INFINITE_RECURSION = YES;
				CLANG_WARN_INT_CONVERSION = YES;
				CLANG_WARN_NON_LITERAL_NULL_CONVERSION = YES;
				CLANG_WARN_OBJC_IMPLICIT_RETAIN_SELF = YES;
				CLANG_WARN_OBJC_LITERAL_CONVERSION = YES;
				CLANG_WARN_OBJC_ROOT_CLASS = YES_ERROR;
				CLANG_WARN_QUOTED_INCLUDE_IN_FRAMEWORK_HEADER = YES;
				CLANG_WARN_RANGE_LOOP_ANALYSIS = YES;
				CLANG_WARN_STRICT_PROTOTYPES = YES;
				CLANG_WARN_SUSPICIOUS_MOVE = YES;
				CLANG_WARN_UNGUARDED_AVAILABILITY = YES_AGGRESSIVE;
				CLANG_WARN_UNREACHABLE_CODE = YES;
				CLANG_WARN__DUPLICATE_METHOD_MATCH = YES;
				COPY_PHASE_STRIP = NO;
				DEBUG_INFORMATION_FORMAT = dwarf;
				ENABLE_STRICT_OBJC_MSGSEND = YES;
				ENABLE_TESTABILITY = YES;
				GCC_C_LANGUAGE_STANDARD = gnu11;
				GCC_DYNAMIC_NO_PIC = NO;
				GCC_NO_COMMON_BLOCKS = YES;
				GCC_OPTIMIZATION_LEVEL = 0;
				GCC_PREPROCESSOR_DEFINITIONS = (
					"DEBUG=1",
					"$(inherited)",
				);
				GCC_WARN_64_TO_32_BIT_CONVERSION = YES;
				GCC_WARN_ABOUT_RETURN_TYPE = YES_ERROR;
				GCC_WARN_UNDECLARED_SELECTOR = YES;
				GCC_WARN_UNINITIALIZED_AUTOS = YES_AGGRESSIVE;
				GCC_WARN_UNUSED_FUNCTION = YES;
				GCC_WARN_UNUSED_VARIABLE = YES;
				IPHONEOS_DEPLOYMENT_TARGET = 14.5;
				MTL_ENABLE_DEBUG_INFO = INCLUDE_SOURCE;
				MTL_FAST_MATH = YES;
				ONLY_ACTIVE_ARCH = YES;
				SDKROOT = iphoneos;
				SWIFT_ACTIVE_COMPILATION_CONDITIONS = DEBUG;
				SWIFT_OPTIMIZATION_LEVEL = "-Onone";
			};
			name = Debug;
		};
		14FE1F2A2690A0F500E72BE1 /* Release */ = {
			isa = XCBuildConfiguration;
			buildSettings = {
				ALWAYS_SEARCH_USER_PATHS = NO;
				CLANG_ANALYZER_NONNULL = YES;
				CLANG_ANALYZER_NUMBER_OBJECT_CONVERSION = YES_AGGRESSIVE;
				CLANG_CXX_LANGUAGE_STANDARD = "gnu++14";
				CLANG_CXX_LIBRARY = "libc++";
				CLANG_ENABLE_MODULES = YES;
				CLANG_ENABLE_OBJC_ARC = YES;
				CLANG_ENABLE_OBJC_WEAK = YES;
				CLANG_WARN_BLOCK_CAPTURE_AUTORELEASING = YES;
				CLANG_WARN_BOOL_CONVERSION = YES;
				CLANG_WARN_COMMA = YES;
				CLANG_WARN_CONSTANT_CONVERSION = YES;
				CLANG_WARN_DEPRECATED_OBJC_IMPLEMENTATIONS = YES;
				CLANG_WARN_DIRECT_OBJC_ISA_USAGE = YES_ERROR;
				CLANG_WARN_DOCUMENTATION_COMMENTS = YES;
				CLANG_WARN_EMPTY_BODY = YES;
				CLANG_WARN_ENUM_CONVERSION = YES;
				CLANG_WARN_INFINITE_RECURSION = YES;
				CLANG_WARN_INT_CONVERSION = YES;
				CLANG_WARN_NON_LITERAL_NULL_CONVERSION = YES;
				CLANG_WARN_OBJC_IMPLICIT_RETAIN_SELF = YES;
				CLANG_WARN_OBJC_LITERAL_CONVERSION = YES;
				CLANG_WARN_OBJC_ROOT_CLASS = YES_ERROR;
				CLANG_WARN_QUOTED_INCLUDE_IN_FRAMEWORK_HEADER = YES;
				CLANG_WARN_RANGE_LOOP_ANALYSIS = YES;
				CLANG_WARN_STRICT_PROTOTYPES = YES;
				CLANG_WARN_SUSPICIOUS_MOVE = YES;
				CLANG_WARN_UNGUARDED_AVAILABILITY = YES_AGGRESSIVE;
				CLANG_WARN_UNREACHABLE_CODE = YES;
				CLANG_WARN__DUPLICATE_METHOD_MATCH = YES;
				COPY_PHASE_STRIP = NO;
				DEBUG_INFORMATION_FORMAT = "dwarf-with-dsym";
				ENABLE_NS_ASSERTIONS = NO;
				ENABLE_STRICT_OBJC_MSGSEND = YES;
				GCC_C_LANGUAGE_STANDARD = gnu11;
				GCC_NO_COMMON_BLOCKS = YES;
				GCC_WARN_64_TO_32_BIT_CONVERSION = YES;
				GCC_WARN_ABOUT_RETURN_TYPE = YES_ERROR;
				GCC_WARN_UNDECLARED_SELECTOR = YES;
				GCC_WARN_UNINITIALIZED_AUTOS = YES_AGGRESSIVE;
				GCC_WARN_UNUSED_FUNCTION = YES;
				GCC_WARN_UNUSED_VARIABLE = YES;
				IPHONEOS_DEPLOYMENT_TARGET = 14.5;
				MTL_ENABLE_DEBUG_INFO = NO;
				MTL_FAST_MATH = YES;
				SDKROOT = iphoneos;
				SWIFT_COMPILATION_MODE = wholemodule;
				SWIFT_OPTIMIZATION_LEVEL = "-O";
				VALIDATE_PRODUCT = YES;
			};
			name = Release;
		};
		14FE1F2C2690A0F500E72BE1 /* Debug */ = {
			isa = XCBuildConfiguration;
			buildSettings = {
				ASSETCATALOG_COMPILER_APPICON_NAME = AppIcon;
				ASSETCATALOG_COMPILER_GLOBAL_ACCENT_COLOR_NAME = AccentColor;
				CODE_SIGN_STYLE = Automatic;
				DEVELOPMENT_ASSET_PATHS = "\"SWIFTUI_Practice/Preview Content\"";
				DEVELOPMENT_TEAM = SSLV33PB85;
				ENABLE_PREVIEWS = YES;
				INFOPLIST_FILE = SWIFTUI_Practice/Info.plist;
				LD_RUNPATH_SEARCH_PATHS = (
					"$(inherited)",
					"@executable_path/Frameworks",
				);
				PRODUCT_BUNDLE_IDENTIFIER = "com.ankit.SWIFTUI-Practice";
				PRODUCT_NAME = "$(TARGET_NAME)";
				SWIFT_VERSION = 5.0;
				TARGETED_DEVICE_FAMILY = "1,2";
			};
			name = Debug;
		};
		14FE1F2D2690A0F500E72BE1 /* Release */ = {
			isa = XCBuildConfiguration;
			buildSettings = {
				ASSETCATALOG_COMPILER_APPICON_NAME = AppIcon;
				ASSETCATALOG_COMPILER_GLOBAL_ACCENT_COLOR_NAME = AccentColor;
				CODE_SIGN_STYLE = Automatic;
				DEVELOPMENT_ASSET_PATHS = "\"SWIFTUI_Practice/Preview Content\"";
				DEVELOPMENT_TEAM = SSLV33PB85;
				ENABLE_PREVIEWS = YES;
				INFOPLIST_FILE = SWIFTUI_Practice/Info.plist;
				LD_RUNPATH_SEARCH_PATHS = (
					"$(inherited)",
					"@executable_path/Frameworks",
				);
				PRODUCT_BUNDLE_IDENTIFIER = "com.ankit.SWIFTUI-Practice";
				PRODUCT_NAME = "$(TARGET_NAME)";
				SWIFT_VERSION = 5.0;
				TARGETED_DEVICE_FAMILY = "1,2";
			};
			name = Release;
		};
/* End XCBuildConfiguration section */

/* Begin XCConfigurationList section */
		14FE1F122690A0F400E72BE1 /* Build configuration list for PBXProject "SWIFTUI_Practice" */ = {
			isa = XCConfigurationList;
			buildConfigurations = (
				14FE1F292690A0F500E72BE1 /* Debug */,
				14FE1F2A2690A0F500E72BE1 /* Release */,
			);
			defaultConfigurationIsVisible = 0;
			defaultConfigurationName = Release;
		};
		14FE1F2B2690A0F500E72BE1 /* Build configuration list for PBXNativeTarget "SWIFTUI_Practice" */ = {
			isa = XCConfigurationList;
			buildConfigurations = (
				14FE1F2C2690A0F500E72BE1 /* Debug */,
				14FE1F2D2690A0F500E72BE1 /* Release */,
			);
			defaultConfigurationIsVisible = 0;
			defaultConfigurationName = Release;
		};
/* End XCConfigurationList section */
	};
	rootObject = 14FE1F0F2690A0F400E72BE1 /* Project object */;
}
